
Microsoft Visual Studio Solution File, Format Version 12.00
Project("{FAE04EC0-301F-11D3-BF4B-00C04F79EFBC}") = "DeliShop", "DeliShop\DeliShop.csproj", "{C9434BE2-0EB0-43B5-8C09-D4BCB47E50AB}"
EndProject
Global
	GlobalSection(SolutionConfigurationPlatforms) = preSolution
		Debug|Any CPU = Debug|Any CPU
		Release|Any CPU = Release|Any CPU
	EndGlobalSection
	GlobalSection(ProjectConfigurationPlatforms) = postSolution
		{C9434BE2-0EB0-43B5-8C09-D4BCB47E50AB}.Debug|Any CPU.ActiveCfg = Debug|Any CPU
		{C9434BE2-0EB0-43B5-8C09-D4BCB47E50AB}.Debug|Any CPU.Build.0 = Debug|Any CPU
		{C9434BE2-0EB0-43B5-8C09-D4BCB47E50AB}.Release|Any CPU.ActiveCfg = Release|Any CPU
		{C9434BE2-0EB0-43B5-8C09-D4BCB47E50AB}.Release|Any CPU.Build.0 = Release|Any CPU
	EndGlobalSection
EndGlobal
